
Microsoft Visual Studio Solution File, Format Version 12.00
# Visual Studio Version 17
VisualStudioVersion = 17.14.37203.1 d17.14
MinimumVisualStudioVersion = 10.0.40219.1
Project("{FAE04EC0-301F-11D3-BF4B-00C04F79EFBC}") = "WJb", "src\WJb\WJb.csproj", "{C394AA2F-E7B0-98C2-7C9F-851BE01AB001}"
EndProject
Global
	GlobalSection(SolutionConfigurationPlatforms) = preSolution
		Debug|Any CPU = Debug|Any CPU
		Release|Any CPU = Release|Any CPU
	EndGlobalSection
	GlobalSection(ProjectConfigurationPlatforms) = postSolution
		{C394AA2F-E7B0-98C2-7C9F-851BE01AB001}.Debug|Any CPU.ActiveCfg = Debug|Any CPU
		{C394AA2F-E7B0-98C2-7C9F-851BE01AB001}.Debug|Any CPU.Build.0 = Debug|Any CPU
		{C394AA2F-E7B0-98C2-7C9F-851BE01AB001}.Release|Any CPU.ActiveCfg = Release|Any CPU
		{C394AA2F-E7B0-98C2-7C9F-851BE01AB001}.Release|Any CPU.Build.0 = Release|Any CPU
	EndGlobalSection
	GlobalSection(SolutionProperties) = preSolution
		HideSolutionNode = FALSE
	EndGlobalSection
	GlobalSection(ExtensibilityGlobals) = postSolution
		SolutionGuid = {58B1FC47-95D9-41F9-A856-CF0AB3C2F84C}
	EndGlobalSection
EndGlobal
